
Microsoft Visual Studio Solution File, Format Version 12.00
# Visual Studio Version 16
VisualStudioVersion = 16.0.33027.164
MinimumVisualStudioVersion = 10.0.40219.1
Project("{FAE04EC0-301F-11D3-BF4B-00C04F79EFBC}") = "Single_sign_on_with_azureAsp.netMvc", "Single_sign_on_with_azureAsp.netMvc\Single_sign_on_with_azureAsp.netMvc.csproj", "{17C2ADA4-E2D8-44A5-AC97-DE821C366036}"
EndProject
Global
	GlobalSection(SolutionConfigurationPlatforms) = preSolution
		Debug|Any CPU = Debug|Any CPU
		Release|Any CPU = Release|Any CPU
	EndGlobalSection
	GlobalSection(ProjectConfigurationPlatforms) = postSolution
		{17C2ADA4-E2D8-44A5-AC97-DE821C366036}.Debug|Any CPU.ActiveCfg = Debug|Any CPU
		{17C2ADA4-E2D8-44A5-AC97-DE821C366036}.Debug|Any CPU.Build.0 = Debug|Any CPU
		{17C2ADA4-E2D8-44A5-AC97-DE821C366036}.Release|Any CPU.ActiveCfg = Release|Any CPU
		{17C2ADA4-E2D8-44A5-AC97-DE821C366036}.Release|Any CPU.Build.0 = Release|Any CPU
	EndGlobalSection
	GlobalSection(SolutionProperties) = preSolution
		HideSolutionNode = FALSE
	EndGlobalSection
	GlobalSection(ExtensibilityGlobals) = postSolution
		SolutionGuid = {87BB7360-F805-4455-BE98-45D5D5550DD7}
	EndGlobalSection
EndGlobal
